
Microsoft Visual Studio Solution File, Format Version 12.00
# Visual Studio Version 17
VisualStudioVersion = 17.9.34526.213
MinimumVisualStudioVersion = 10.0.40219.1
Project("{FAE04EC0-301F-11D3-BF4B-00C04F79EFBC}") = "RimWorldCollectionDownloader", "RimWorldCollectionDownloader\RimWorldCollectionDownloader.csproj", "{C6BAEA08-20E5-40CD-8F95-3D51A10EC6F7}"
EndProject
Global
	GlobalSection(SolutionConfigurationPlatforms) = preSolution
		Debug|Any CPU = Debug|Any CPU
		Release|Any CPU = Release|Any CPU
	EndGlobalSection
	GlobalSection(ProjectConfigurationPlatforms) = postSolution
		{C6BAEA08-20E5-40CD-8F95-3D51A10EC6F7}.Debug|Any CPU.ActiveCfg = Debug|Any CPU
		{C6BAEA08-20E5-40CD-8F95-3D51A10EC6F7}.Debug|Any CPU.Build.0 = Debug|Any CPU
		{C6BAEA08-20E5-40CD-8F95-3D51A10EC6F7}.Release|Any CPU.ActiveCfg = Release|Any CPU
		{C6BAEA08-20E5-40CD-8F95-3D51A10EC6F7}.Release|Any CPU.Build.0 = Release|Any CPU
	EndGlobalSection
	GlobalSection(SolutionProperties) = preSolution
		HideSolutionNode = FALSE
	EndGlobalSection
	GlobalSection(ExtensibilityGlobals) = postSolution
		SolutionGuid = {D0294E49-764C-4427-9A12-727107CF8124}
	EndGlobalSection
EndGlobal
